// !$*UTF8*$!
{
	archiveVersion = 1;
	classes = {
	};
	objectVersion = 46;
	objects = {

/* Begin PBXBuildFile section */
		D193F6B51A71776200C55F85 /* main.m in Sources */ = {isa = PBXBuildFile; fileRef = D193F6B41A71776200C55F85 /* main.m */; };
		D193F6B81A71776200C55F85 /* AppDelegate.m in Sources */ = {isa = PBXBuildFile; fileRef = D193F6B71A71776200C55F85 /* AppDelegate.m */; };
		D193F6BB1A71776200C55F85 /* ViewController.m in Sources */ = {isa = PBXBuildFile; fileRef = D193F6BA1A71776200C55F85 /* ViewController.m */; };
		D193F6BE1A71776200C55F85 /* Main.storyboard in Resources */ = {isa = PBXBuildFile; fileRef = D193F6BC1A71776200C55F85 /* Main.storyboard */; };
		D193F6C01A71776200C55F85 /* Images.xcassets in Resources */ = {isa = PBXBuildFile; fileRef = D193F6BF1A71776200C55F85 /* Images.xcassets */; };
		D193F6C31A71776200C55F85 /* LaunchScreen.xib in Resources */ = {isa = PBXBuildFile; fileRef = D193F6C11A71776200C55F85 /* LaunchScreen.xib */; };
		D193F6CF1A71776300C55F85 /* Table_PaduaTests.m in Sources */ = {isa = PBXBuildFile; fileRef = D193F6CE1A71776300C55F85 /* Table_PaduaTests.m */; };
/* End PBXBuildFile section */

/* Begin PBXContainerItemProxy section */
		D193F6C91A71776300C55F85 /* PBXContainerItemProxy */ = {
			isa = PBXContainerItemProxy;
			containerPortal = D193F6A71A71776200C55F85 /* Project object */;
			proxyType = 1;
			remoteGlobalIDString = D193F6AE1A71776200C55F85;
			remoteInfo = "Table Padua";
		};
/* End PBXContainerItemProxy section */

/* Begin PBXFileReference section */
		D193F6AF1A71776200C55F85 /* Table Padua.app */ = {isa = PBXFileReference; explicitFileType = wrapper.application; includeInIndex = 0; path = "Table Padua.app"; sourceTree = BUILT_PRODUCTS_DIR; };
		D193F6B31A71776200C55F85 /* Info.plist */ = {isa = PBXFileReference; lastKnownFileType = text.plist.xml; path = Info.plist; sourceTree = "<group>"; };
		D193F6B41A71776200C55F85 /* main.m */ = {isa = PBXFileReference; lastKnownFileType = sourcecode.c.objc; path = main.m; sourceTree = "<group>"; };
		D193F6B61A71776200C55F85 /* AppDelegate.h */ = {isa = PBXFileReference; lastKnownFileType = sourcecode.c.h; path = AppDelegate.h; sourceTree = "<group>"; };
		D193F6B71A71776200C55F85 /* AppDelegate.m */ = {isa = PBXFileReference; lastKnownFileType = sourcecode.c.objc; path = AppDelegate.m; sourceTree = "<group>"; };
		D193F6B91A71776200C55F85 /* ViewController.h */ = {isa = PBXFileReference; lastKnownFileType = sourcecode.c.h; path = ViewController.h; sourceTree = "<group>"; };
		D193F6BA1A71776200C55F85 /* ViewController.m */ = {isa = PBXFileReference; lastKnownFileType = sourcecode.c.objc; path = ViewController.m; sourceTree = "<group>"; };
		D193F6BD1A71776200C55F85 /* Base */ = {isa = PBXFileReference; lastKnownFileType = file.storyboard; name = Base; path = Base.lproj/Main.storyboard; sourceTree = "<group>"; };
		D193F6BF1A71776200C55F85 /* Images.xcassets */ = {isa = PBXFileReference; lastKnownFileType = folder.assetcatalog; path = Images.xcassets; sourceTree = "<group>"; };
		D193F6C21A71776200C55F85 /* Base */ = {isa = PBXFileReference; lastKnownFileType = file.xib; name = Base; path = Base.lproj/LaunchScreen.xib; sourceTree = "<group>"; };
		D193F6C81A71776300C55F85 /* Table PaduaTests.xctest */ = {isa = PBXFileReference; explicitFileType = wrapper.cfbundle; includeInIndex = 0; path = "Table PaduaTests.xctest"; sourceTree = BUILT_PRODUCTS_DIR; };
		D193F6CD1A71776300C55F85 /* Info.plist */ = {isa = PBXFileReference; lastKnownFileType = text.plist.xml; path = Info.plist; sourceTree = "<group>"; };
		D193F6CE1A71776300C55F85 /* Table_PaduaTests.m */ = {isa = PBXFileReference; lastKnownFileType = sourcecode.c.objc; path = Table_PaduaTests.m; sourceTree = "<group>"; };
/* End PBXFileReference section */

/* Begin PBXFrameworksBuildPhase section */
		D193F6AC1A71776200C55F85 /* Frameworks */ = {
			isa = PBXFrameworksBuildPhase;
			buildActionMask = 2147483647;
			files = (
			);
			runOnlyForDeploymentPostprocessing = 0;
		};
		D193F6C51A71776300C55F85 /* Frameworks */ = {
			isa = PBXFrameworksBuildPhase;
			buildActionMask = 2147483647;
			files = (
			);
			runOnlyForDeploymentPostprocessing = 0;
		};
/* End PBXFrameworksBuildPhase section */

/* Begin PBXGroup section */
		D193F6A61A71776200C55F85 = {
			isa = PBXGroup;
			children = (
				D193F6B11A71776200C55F85 /* Table Padua */,
				D193F6CB1A71776300C55F85 /* Table PaduaTests */,
				D193F6B01A71776200C55F85 /* Products */,
			);
			sourceTree = "<group>";
		};
		D193F6B01A71776200C55F85 /* Products */ = {
			isa = PBXGroup;
			children = (
				D193F6AF1A71776200C55F85 /* Table Padua.app */,
				D193F6C81A71776300C55F85 /* Table PaduaTests.xctest */,
			);
			name = Products;
			sourceTree = "<group>";
		};
		D193F6B11A71776200C55F85 /* Table Padua */ = {
			isa = PBXGroup;
			children = (
				D193F6B61A71776200C55F85 /* AppDelegate.h */,
				D193F6B71A71776200C55F85 /* AppDelegate.m */,
				D193F6B91A71776200C55F85 /* ViewController.h */,
				D193F6BA1A71776200C55F85 /* ViewController.m */,
				D193F6BC1A71776200C55F85 /* Main.storyboard */,
				D193F6BF1A71776200C55F85 /* Images.xcassets */,
				D193F6C11A71776200C55F85 /* LaunchScreen.xib */,
				D193F6B21A71776200C55F85 /* Supporting Files */,
			);
			path = "Table Padua";
			sourceTree = "<group>";
		};
		D193F6B21A71776200C55F85 /* Supporting Files */ = {
			isa = PBXGroup;
			children = (
				D193F6B31A71776200C55F85 /* Info.plist */,
				D193F6B41A71776200C55F85 /* main.m */,
			);
			name = "Supporting Files";
			sourceTree = "<group>";
		};
		D193F6CB1A71776300C55F85 /* Table PaduaTests */ = {
			isa = PBXGroup;
			children = (
				D193F6CE1A71776300C55F85 /* Table_PaduaTests.m */,
				D193F6CC1A71776300C55F85 /* Supporting Files */,
			);
			path = "Table PaduaTests";
			sourceTree = "<group>";
		};
		D193F6CC1A71776300C55F85 /* Supporting Files */ = {
			isa = PBXGroup;
			children = (
				D193F6CD1A71776300C55F85 /* Info.plist */,
			);
			name = "Supporting Files";
			sourceTree = "<group>";
		};
/* End PBXGroup section */

/* Begin PBXNativeTarget section */
		D193F6AE1A71776200C55F85 /* Table Padua */ = {
			isa = PBXNativeTarget;
			buildConfigurationList = D193F6D21A71776300C55F85 /* Build configuration list for PBXNativeTarget "Table Padua" */;
			buildPhases = (
				D193F6AB1A71776200C55F85 /* Sources */,
				D193F6AC1A71776200C55F85 /* Frameworks */,
				D193F6AD1A71776200C55F85 /* Resources */,
			);
			buildRules = (
			);
			dependencies = (
			);
			name = "Table Padua";
			productName = "Table Padua";
			productReference = D193F6AF1A71776200C55F85 /* Table Padua.app */;
			productType = "com.apple.product-type.application";
		};
		D193F6C71A71776300C55F85 /* Table PaduaTests */ = {
			isa = PBXNativeTarget;
			buildConfigurationList = D193F6D51A71776300C55F85 /* Build configuration list for PBXNativeTarget "Table PaduaTests" */;
			buildPhases = (
				D193F6C41A71776300C55F85 /* Sources */,
				D193F6C51A71776300C55F85 /* Frameworks */,
				D193F6C61A71776300C55F85 /* Resources */,
			);
			buildRules = (
			);
			dependencies = (
				D193F6CA1A71776300C55F85 /* PBXTargetDependency */,
			);
			name = "Table PaduaTests";
			productName = "Table PaduaTests";
			productReference = D193F6C81A71776300C55F85 /* Table PaduaTests.xctest */;
			productType = "com.apple.product-type.bundle.unit-test";
		};
/* End PBXNativeTarget section */

/* Begin PBXProject section */
		D193F6A71A71776200C55F85 /* Project object */ = {
			isa = PBXProject;
			attributes = {
				LastUpgradeCheck = 0610;
				ORGANIZATIONNAME = Smartplace;
				TargetAttributes = {
					D193F6AE1A71776200C55F85 = {
						CreatedOnToolsVersion = 6.1.1;
					};
					D193F6C71A71776300C55F85 = {
						CreatedOnToolsVersion = 6.1.1;
						TestTargetID = D193F6AE1A71776200C55F85;
					};
				};
			};
			buildConfigurationList = D193F6AA1A71776200C55F85 /* Build configuration list for PBXProject "Table Padua" */;
			compatibilityVersion = "Xcode 3.2";
			developmentRegion = English;
			hasScannedForEncodings = 0;
			knownRegions = (
				en,
				Base,
			);
			mainGroup = D193F6A61A71776200C55F85;
			productRefGroup = D193F6B01A71776200C55F85 /* Products */;
			projectDirPath = "";
			projectRoot = "";
			targets = (
				D193F6AE1A71776200C55F85 /* Table Padua */,
				D193F6C71A71776300C55F85 /* Table PaduaTests */,
			);
		};
/* End PBXProject section */

/* Begin PBXResourcesBuildPhase section */
		D193F6AD1A71776200C55F85 /* Resources */ = {
			isa = PBXResourcesBuildPhase;
			buildActionMask = 2147483647;
			files = (
				D193F6BE1A71776200C55F85 /* Main.storyboard in Resources */,
				D193F6C31A71776200C55F85 /* LaunchScreen.xib in Resources */,
				D193F6C01A71776200C55F85 /* Images.xcassets in Resources */,
			);
			runOnlyForDeploymentPostprocessing = 0;
		};
		D193F6C61A71776300C55F85 /* Resources */ = {
			isa = PBXResourcesBuildPhase;
			buildActionMask = 2147483647;
			files = (
			);
			runOnlyForDeploymentPostprocessing = 0;
		};
/* End PBXResourcesBuildPhase section */

/* Begin PBXSourcesBuildPhase section */
		D193F6AB1A71776200C55F85 /* Sources */ = {
			isa = PBXSourcesBuildPhase;
			buildActionMask = 2147483647;
			files = (
				D193F6BB1A71776200C55F85 /* ViewController.m in Sources */,
				D193F6B81A71776200C55F85 /* AppDelegate.m in Sources */,
				D193F6B51A71776200C55F85 /* main.m in Sources */,
			);
			runOnlyForDeploymentPostprocessing = 0;
		};
		D193F6C41A71776300C55F85 /* Sources */ = {
			isa = PBXSourcesBuildPhase;
			buildActionMask = 2147483647;
			files = (
				D193F6CF1A71776300C55F85 /* Table_PaduaTests.m in Sources */,
			);
			runOnlyForDeploymentPostprocessing = 0;
		};
/* End PBXSourcesBuildPhase section */

/* Begin PBXTargetDependency section */
		D193F6CA1A71776300C55F85 /* PBXTargetDependency */ = {
			isa = PBXTargetDependency;
			target = D193F6AE1A71776200C55F85 /* Table Padua */;
			targetProxy = D193F6C91A71776300C55F85 /* PBXContainerItemProxy */;
		};
/* End PBXTargetDependency section */

/* Begin PBXVariantGroup section */
		D193F6BC1A71776200C55F85 /* Main.storyboard */ = {
			isa = PBXVariantGroup;
			children = (
				D193F6BD1A71776200C55F85 /* Base */,
			);
			name = Main.storyboard;
			sourceTree = "<group>";
		};
		D193F6C11A71776200C55F85 /* LaunchScreen.xib */ = {
			isa = PBXVariantGroup;
			children = (
				D193F6C21A71776200C55F85 /* Base */,
			);
			name = LaunchScreen.xib;
			sourceTree = "<group>";
		};
/* End PBXVariantGroup section */

/* Begin XCBuildConfiguration section */
		D193F6D01A71776300C55F85 /* Debug */ = {
			isa = XCBuildConfiguration;
			buildSettings = {
				ALWAYS_SEARCH_USER_PATHS = NO;
				CLANG_CXX_LANGUAGE_STANDARD = "gnu++0x";
				CLANG_CXX_LIBRARY = "libc++";
				CLANG_ENABLE_MODULES = YES;
				CLANG_ENABLE_OBJC_ARC = YES;
				CLANG_WARN_BOOL_CONVERSION = YES;
				CLANG_WARN_CONSTANT_CONVERSION = YES;
				CLANG_WARN_DIRECT_OBJC_ISA_USAGE = YES_ERROR;
				CLANG_WARN_EMPTY_BODY = YES;
				CLANG_WARN_ENUM_CONVERSION = YES;
				CLANG_WARN_INT_CONVERSION = YES;
				CLANG_WARN_OBJC_ROOT_CLASS = YES_ERROR;
				CLANG_WARN_UNREACHABLE_CODE = YES;
				CLANG_WARN__DUPLICATE_METHOD_MATCH = YES;
				"CODE_SIGN_IDENTITY[sdk=iphoneos*]" = "iPhone Developer";
				COPY_PHASE_STRIP = NO;
				ENABLE_STRICT_OBJC_MSGSEND = YES;
				GCC_C_LANGUAGE_STANDARD = gnu99;
				GCC_DYNAMIC_NO_PIC = NO;
				GCC_OPTIMIZATION_LEVEL = 0;
				GCC_PREPROCESSOR_DEFINITIONS = (
					"DEBUG=1",
					"$(inherited)",
				);
				GCC_SYMBOLS_PRIVATE_EXTERN = NO;
				GCC_WARN_64_TO_32_BIT_CONVERSION = YES;
				GCC_WARN_ABOUT_RETURN_TYPE = YES_ERROR;
				GCC_WARN_UNDECLARED_SELECTOR = YES;
				GCC_WARN_UNINITIALIZED_AUTOS = YES_AGGRESSIVE;
				GCC_WARN_UNUSED_FUNCTION = YES;
				GCC_WARN_UNUSED_VARIABLE = YES;
				IPHONEOS_DEPLOYMENT_TARGET = 8.1;
				MTL_ENABLE_DEBUG_INFO = YES;
				ONLY_ACTIVE_ARCH = YES;
				SDKROOT = iphoneos;
			};
			name = Debug;
		};
		D193F6D11A71776300C55F85 /* Release */ = {
			isa = XCBuildConfiguration;
			buildSettings = {
				ALWAYS_SEARCH_USER_PATHS = NO;
				CLANG_CXX_LANGUAGE_STANDARD = "gnu++0x";
				CLANG_CXX_LIBRARY = "libc++";
				CLANG_ENABLE_MODULES = YES;
				CLANG_ENABLE_OBJC_ARC = YES;
				CLANG_WARN_BOOL_CONVERSION = YES;
				CLANG_WARN_CONSTANT_CONVERSION = YES;
				CLANG_WARN_DIRECT_OBJC_ISA_USAGE = YES_ERROR;
				CLANG_WARN_EMPTY_BODY = YES;
				CLANG_WARN_ENUM_CONVERSION = YES;
				CLANG_WARN_INT_CONVERSION = YES;
				CLANG_WARN_OBJC_ROOT_CLASS = YES_ERROR;
				CLANG_WARN_UNREACHABLE_CODE = YES;
				CLANG_WARN__DUPLICATE_METHOD_MATCH = YES;
				"CODE_SIGN_IDENTITY[sdk=iphoneos*]" = "iPhone Developer";
				COPY_PHASE_STRIP = YES;
				ENABLE_NS_ASSERTIONS = NO;
				ENABLE_STRICT_OBJC_MSGSEND = YES;
				GCC_C_LANGUAGE_STANDARD = gnu99;
				GCC_WARN_64_TO_32_BIT_CONVERSION = YES;
				GCC_WARN_ABOUT_RETURN_TYPE = YES_ERROR;
				GCC_WARN_UNDECLARED_SELECTOR = YES;
				GCC_WARN_UNINITIALIZED_AUTOS = YES_AGGRESSIVE;
				GCC_WARN_UNUSED_FUNCTION = YES;
				GCC_WARN_UNUSED_VARIABLE = YES;
				IPHONEOS_DEPLOYMENT_TARGET = 8.1;
				MTL_ENABLE_DEBUG_INFO = NO;
				SDKROOT = iphoneos;
				VALIDATE_PRODUCT = YES;
			};
			name = Release;
		};
		D193F6D31A71776300C55F85 /* Debug */ = {
			isa = XCBuildConfiguration;
			buildSettings = {
				ASSETCATALOG_COMPILER_APPICON_NAME = AppIcon;
				INFOPLIST_FILE = "Table Padua/Info.plist";
				LD_RUNPATH_SEARCH_PATHS = "$(inherited) @executable_path/Frameworks";
				PRODUCT_NAME = "$(TARGET_NAME)";
			};
			name = Debug;
		};
		D193F6D41A71776300C55F85 /* Release */ = {
			isa = XCBuildConfiguration;
			buildSettings = {
				ASSETCATALOG_COMPILER_APPICON_NAME = AppIcon;
				INFOPLIST_FILE = "Table Padua/Info.plist";
				LD_RUNPATH_SEARCH_PATHS = "$(inherited) @executable_path/Frameworks";
				PRODUCT_NAME = "$(TARGET_NAME)";
			};
			name = Release;
		};
		D193F6D61A71776300C55F85 /* Debug */ = {
			isa = XCBuildConfiguration;
			buildSettings = {
				BUNDLE_LOADER = "$(TEST_HOST)";
				FRAMEWORK_SEARCH_PATHS = (
					"$(SDKROOT)/Developer/Library/Frameworks",
					"$(inherited)",
				);
				GCC_PREPROCESSOR_DEFINITIONS = (
					"DEBUG=1",
					"$(inherited)",
				);
				INFOPLIST_FILE = "Table PaduaTests/Info.plist";
				LD_RUNPATH_SEARCH_PATHS = "$(inherited) @executable_path/Frameworks @loader_path/Frameworks";
				PRODUCT_NAME = "$(TARGET_NAME)";
				TEST_HOST = "$(BUILT_PRODUCTS_DIR)/Table Padua.app/Table Padua";
			};
			name = Debug;
		};
		D193F6D71A71776300C55F85 /* Release */ = {
			isa = XCBuildConfiguration;
			buildSettings = {
				BUNDLE_LOADER = "$(TEST_HOST)";
				FRAMEWORK_SEARCH_PATHS = (
					"$(SDKROOT)/Developer/Library/Frameworks",
					"$(inherited)",
				);
				INFOPLIST_FILE = "Table PaduaTests/Info.plist";
				LD_RUNPATH_SEARCH_PATHS = "$(inherited) @executable_path/Frameworks @loader_path/Frameworks";
				PRODUCT_NAME = "$(TARGET_NAME)";
				TEST_HOST = "$(BUILT_PRODUCTS_DIR)/Table Padua.app/Table Padua";
			};
			name = Release;
		};
/* End XCBuildConfiguration section */

/* Begin XCConfigurationList section */
		D193F6AA1A71776200C55F85 /* Build configuration list for PBXProject "Table Padua" */ = {
			isa = XCConfigurationList;
			buildConfigurations = (
				D193F6D01A71776300C55F85 /* Debug */,
				D193F6D11A71776300C55F85 /* Release */,
			);
			defaultConfigurationIsVisible = 0;
			defaultConfigurationName = Release;
		};
		D193F6D21A71776300C55F85 /* Build configuration list for PBXNativeTarget "Table Padua" */ = {
			isa = XCConfigurationList;
			buildConfigurations = (
				D193F6D31A71776300C55F85 /* Debug */,
				D193F6D41A71776300C55F85 /* Release */,
			);
			defaultConfigurationIsVisible = 0;
		};
		D193F6D51A71776300C55F85 /* Build configuration list for PBXNativeTarget "Table PaduaTests" */ = {
			isa = XCConfigurationList;
			buildConfigurations = (
				D193F6D61A71776300C55F85 /* Debug */,
				D193F6D71A71776300C55F85 /* Release */,
			);
			defaultConfigurationIsVisible = 0;
		};
/* End XCConfigurationList section */
	};
	rootObject = D193F6A71A71776200C55F85 /* Project object */;
}
